<?xml version="1.0" encoding="utf-8"?>
<Project ToolsVersion="4.0" xmlns="http://schemas.microsoft.com/developer/msbuild/2003">
  <ItemGroup>
    <ClCompile Include="AIManager.cpp" />
    <ClCompile Include="main.cpp" />
    <ClCompile Include="PickupItem.cpp" />
    <ClCompile Include="Vehicle.cpp" />
    <ClCompile Include="Waypoint.cpp" />
    <ClCompile Include="DDSTextureLoader.cpp">
      <Filter>Core</Filter>
    </ClCompile>
    <ClCompile Include="Background.cpp">
      <Filter>Core</Filter>
    </ClCompile>
    <ClCompile Include="AStar.cpp">
      <Filter>Pathfinding</Filter>
    </ClCompile>
    <ClCompile Include="PriorityQueue.cpp">
      <Filter>Pathfinding</Filter>
    </ClCompile>
    <ClCompile Include="DrawableGameObject.cpp" />
    <ClCompile Include="BehaviourTree.cpp">
      <Filter>AI</Filter>
    </ClCompile>
    <ClCompile Include="FiniteStateMachine.cpp">
      <Filter>AI</Filter>
    </ClCompile>
    <ClCompile Include="Event.cpp">
      <Filter>AI</Filter>
    </ClCompile>
    <ClCompile Include="Spline.cpp" />
    <ClCompile Include="AIController.cpp">
      <Filter>AI\Controllers</Filter>
    </ClCompile>
    <ClCompile Include="Controller.cpp">
      <Filter>AI\Controllers</Filter>
    </ClCompile>
    <ClCompile Include="ObstacleAvoidance.cpp">
      <Filter>AI\CarBehaviourTree</Filter>
    </ClCompile>
    <ClCompile Include="ReturnToTrack.cpp">
      <Filter>AI\CarBehaviourTree</Filter>
    </ClCompile>
    <ClCompile Include="MoveToCheckPoint.cpp">
      <Filter>AI\CarBehaviourTree</Filter>
    </ClCompile>
    <ClCompile Include="VehicleStateMachine.cpp">
      <Filter>AI\CarFiniteStateMachine</Filter>
    </ClCompile>
    <ClCompile Include="ChaseState.cpp">
      <Filter>AI\CarFiniteStateMachine</Filter>
    </ClCompile>
    <ClCompile Include="FleeState.cpp">
      <Filter>AI\CarFiniteStateMachine</Filter>
    </ClCompile>
    <ClCompile Include="ArriveState.cpp">
      <Filter>AI\CarFiniteStateMachine</Filter>
    </ClCompile>
    <ClCompile Include="Overtake.cpp">
      <Filter>AI\CarBehaviourTree</Filter>
    </ClCompile>
    <ClCompile Include="WanderState.cpp">
      <Filter>AI\CarFiniteStateMachine</Filter>
    </ClCompile>
    <ClCompile Include="IdleState.cpp">
      <Filter>AI\CarFiniteStateMachine</Filter>
    </ClCompile>
  </ItemGroup>
  <ItemGroup>
    <ClInclude Include="AIManager.h" />
    <ClInclude Include="DrawableGameObject.h" />
    <ClInclude Include="main.h" />
    <ClInclude Include="PickupItem.h" />
    <ClInclude Include="structures.h" />
    <ClInclude Include="Vector2D.h" />
    <ClInclude Include="Vehicle.h" />
    <ClInclude Include="Waypoint.h" />
    <ClInclude Include="DDSTextureLoader.h">
      <Filter>Core</Filter>
    </ClInclude>
    <ClInclude Include="Background.h">
      <Filter>Core</Filter>
    </ClInclude>
    <CLInclude Include="resource.h">
      <Filter>Core</Filter>
    </CLInclude>
    <ClInclude Include="AStar.h">
      <Filter>Pathfinding</Filter>
    </ClInclude>
    <ClInclude Include="PriorityQueue.h">
      <Filter>Pathfinding</Filter>
    </ClInclude>
    <ClInclude Include="BehaviourTree.h">
      <Filter>AI</Filter>
    </ClInclude>
    <ClInclude Include="FiniteStateMachine.h">
      <Filter>AI</Filter>
    </ClInclude>
    <ClInclude Include="Event.h">
      <Filter>AI</Filter>
    </ClInclude>
    <ClInclude Include="Spline.h" />
    <ClInclude Include="AIController.h">
      <Filter>AI\Controllers</Filter>
    </ClInclude>
    <ClInclude Include="Controller.h">
      <Filter>AI\Controllers</Filter>
    </ClInclude>
    <ClInclude Include="ObstacleAvoidance.h">
      <Filter>AI\CarBehaviourTree</Filter>
    </ClInclude>
    <ClInclude Include="ReturnToTrack.h">
      <Filter>AI\CarBehaviourTree</Filter>
    </ClInclude>
    <ClInclude Include="MoveToCheckPoint.h">
      <Filter>AI\CarBehaviourTree</Filter>
    </ClInclude>
    <ClInclude Include="VehicleStateMachine.h">
      <Filter>AI\CarFiniteStateMachine</Filter>
    </ClInclude>
    <ClInclude Include="ChaseState.h">
      <Filter>AI\CarFiniteStateMachine</Filter>
    </ClInclude>
    <ClInclude Include="FleeState.h">
      <Filter>AI\CarFiniteStateMachine</Filter>
    </ClInclude>
    <ClInclude Include="ArriveState.h">
      <Filter>AI\CarFiniteStateMachine</Filter>
    </ClInclude>
    <ClInclude Include="Overtake.h">
      <Filter>AI\CarBehaviourTree</Filter>
    </ClInclude>
    <ClInclude Include="WanderState.h">
      <Filter>AI\CarFiniteStateMachine</Filter>
    </ClInclude>
    <ClInclude Include="IdleState.h">
      <Filter>AI\CarFiniteStateMachine</Filter>
    </ClInclude>
  </ItemGroup>
  <ItemGroup>
    <Image Include="Resources\blue.dds">
      <Filter>Assets</Filter>
    </Image>
    <Image Include="Resources\car_blue.dds">
      <Filter>Assets</Filter>
    </Image>
    <Image Include="Resources\floor.dds">
      <Filter>Assets</Filter>
    </Image>
    <Image Include="Resources\green.dds">
      <Filter>Assets</Filter>
    </Image>
    <Image Include="Resources\pickup.dds">
      <Filter>Assets</Filter>
    </Image>
    <Image Include="Resources\red.dds">
      <Filter>Assets</Filter>
    </Image>
    <Image Include="Resources\stone.dds">
      <Filter>Assets</Filter>
    </Image>
    <Image Include="Resources\track.dds">
      <Filter>Assets</Filter>
    </Image>
    <Image Include="Resources\yellow.dds">
      <Filter>Assets</Filter>
    </Image>
  </ItemGroup>
  <ItemGroup>
    <Filter Include="Assets">
      <UniqueIdentifier>{d76346de-be36-4e73-9e20-c041620ff0d1}</UniqueIdentifier>
    </Filter>
    <Filter Include="Core">
      <UniqueIdentifier>{c721d74b-61d3-4ae0-9d17-be739d070a1c}</UniqueIdentifier>
    </Filter>
    <Filter Include="Pathfinding">
      <UniqueIdentifier>{4c182204-c193-4cfd-8b8d-36c009cfee93}</UniqueIdentifier>
    </Filter>
    <Filter Include="AI">
      <UniqueIdentifier>{df5ec9d2-296e-4422-9ed5-f5d343d56b42}</UniqueIdentifier>
    </Filter>
    <Filter Include="AI\Controllers">
      <UniqueIdentifier>{c2a185c9-cb62-412e-90ef-50c562bbaf0b}</UniqueIdentifier>
    </Filter>
    <Filter Include="AI\CarBehaviourTree">
      <UniqueIdentifier>{f70d954f-896d-4963-842d-170f28134a92}</UniqueIdentifier>
    </Filter>
    <Filter Include="AI\CarFiniteStateMachine">
      <UniqueIdentifier>{4285dc2d-0e9c-47fb-a8ef-7ad008ae42fb}</UniqueIdentifier>
    </Filter>
  </ItemGroup>
  <ItemGroup>
    <FxCompile Include="shader.fx">
      <Filter>Assets</Filter>
    </FxCompile>
  </ItemGroup>
  <ItemGroup>
    <ResourceCompile Include="AIFramework.rc">
      <Filter>Core</Filter>
    </ResourceCompile>
  </ItemGroup>
</Project>